
Microsoft Visual Studio Solution File, Format Version 12.00
# Visual Studio Version 16
VisualStudioVersion = 16.0.31515.178
MinimumVisualStudioVersion = 10.0.40219.1
Project("{FAE04EC0-301F-11D3-BF4B-00C04F79EFBC}") = "ConsoleApp2", "ConsoleApp2\ConsoleApp2.csproj", "{01920C42-F40D-4DB3-9888-996941E34761}"
EndProject
Global
	GlobalSection(SolutionConfigurationPlatforms) = preSolution
		Debug|Any CPU = Debug|Any CPU
		Release|Any CPU = Release|Any CPU
	EndGlobalSection
	GlobalSection(ProjectConfigurationPlatforms) = postSolution
		{01920C42-F40D-4DB3-9888-996941E34761}.Debug|Any CPU.ActiveCfg = Debug|Any CPU
		{01920C42-F40D-4DB3-9888-996941E34761}.Debug|Any CPU.Build.0 = Debug|Any CPU
		{01920C42-F40D-4DB3-9888-996941E34761}.Release|Any CPU.ActiveCfg = Release|Any CPU
		{01920C42-F40D-4DB3-9888-996941E34761}.Release|Any CPU.Build.0 = Release|Any CPU
	EndGlobalSection
	GlobalSection(SolutionProperties) = preSolution
		HideSolutionNode = FALSE
	EndGlobalSection
	GlobalSection(ExtensibilityGlobals) = postSolution
		SolutionGuid = {FE0ECB5E-8238-4908-A7F3-80CD64CE89F3}
	EndGlobalSection
EndGlobal
